
Microsoft Visual Studio Solution File, Format Version 12.00
# Visual Studio Version 18
VisualStudioVersion = 18.0.11018.127
MinimumVisualStudioVersion = 10.0.40219.1
Project("{FAE04EC0-301F-11D3-BF4B-00C04F79EFBC}") = "My PictureBox Application,", "My PictureBox Application,\My PictureBox Application,.csproj", "{4A40F399-F44F-43DB-81F8-2D23423244D5}"
EndProject
Project("{FAE04EC0-301F-11D3-BF4B-00C04F79EFBC}") = "My Calculator", "My Calculator\My Calculator.csproj", "{8A3DD4A0-B4A1-42B7-85EB-79878A52DA50}"
EndProject
Project("{FAE04EC0-301F-11D3-BF4B-00C04F79EFBC}") = "Student Full Name", "Student Full Name\Student Full Name.csproj", "{655B4887-C784-4395-9B4C-06F24E2346B6}"
EndProject
Project("{FAE04EC0-301F-11D3-BF4B-00C04F79EFBC}") = "Exception Handling Example", "Exception Handling Example\Exception Handling Example.csproj", "{FA351A3C-82B7-4D22-9062-0042BE53CB11}"
EndProject
Project("{FAE04EC0-301F-11D3-BF4B-00C04F79EFBC}") = "Testing the Math Class Methods", "Testing the Math Class Methods\Testing the Math Class Methods.csproj", "{C8D74E39-9018-442F-86FF-19414BCDAEFD}"
EndProject
Project("{FAE04EC0-301F-11D3-BF4B-00C04F79EFBC}") = "Testing Scope", "Testing Scope\Testing Scope.csproj", "{8AC44302-5CEE-49D6-931D-E11FF2DA0857}"
EndProject
Project("{FAE04EC0-301F-11D3-BF4B-00C04F79EFBC}") = "Retirement Eligibility Application", "Retirement Eligibility Application\Retirement Eligibility Application.csproj", "{D934B6E0-9EA1-4AB5-B437-066DA9791FE7}"
EndProject
Global
	GlobalSection(SolutionConfigurationPlatforms) = preSolution
		Debug|Any CPU = Debug|Any CPU
		Release|Any CPU = Release|Any CPU
	EndGlobalSection
	GlobalSection(ProjectConfigurationPlatforms) = postSolution
		{4A40F399-F44F-43DB-81F8-2D23423244D5}.Debug|Any CPU.ActiveCfg = Debug|Any CPU
		{4A40F399-F44F-43DB-81F8-2D23423244D5}.Debug|Any CPU.Build.0 = Debug|Any CPU
		{4A40F399-F44F-43DB-81F8-2D23423244D5}.Release|Any CPU.ActiveCfg = Release|Any CPU
		{4A40F399-F44F-43DB-81F8-2D23423244D5}.Release|Any CPU.Build.0 = Release|Any CPU
		{8A3DD4A0-B4A1-42B7-85EB-79878A52DA50}.Debug|Any CPU.ActiveCfg = Debug|Any CPU
		{8A3DD4A0-B4A1-42B7-85EB-79878A52DA50}.Debug|Any CPU.Build.0 = Debug|Any CPU
		{8A3DD4A0-B4A1-42B7-85EB-79878A52DA50}.Release|Any CPU.ActiveCfg = Release|Any CPU
		{8A3DD4A0-B4A1-42B7-85EB-79878A52DA50}.Release|Any CPU.Build.0 = Release|Any CPU
		{655B4887-C784-4395-9B4C-06F24E2346B6}.Debug|Any CPU.ActiveCfg = Debug|Any CPU
		{655B4887-C784-4395-9B4C-06F24E2346B6}.Debug|Any CPU.Build.0 = Debug|Any CPU
		{655B4887-C784-4395-9B4C-06F24E2346B6}.Release|Any CPU.ActiveCfg = Release|Any CPU
		{655B4887-C784-4395-9B4C-06F24E2346B6}.Release|Any CPU.Build.0 = Release|Any CPU
		{FA351A3C-82B7-4D22-9062-0042BE53CB11}.Debug|Any CPU.ActiveCfg = Debug|Any CPU
		{FA351A3C-82B7-4D22-9062-0042BE53CB11}.Debug|Any CPU.Build.0 = Debug|Any CPU
		{FA351A3C-82B7-4D22-9062-0042BE53CB11}.Release|Any CPU.ActiveCfg = Release|Any CPU
		{FA351A3C-82B7-4D22-9062-0042BE53CB11}.Release|Any CPU.Build.0 = Release|Any CPU
		{C8D74E39-9018-442F-86FF-19414BCDAEFD}.Debug|Any CPU.ActiveCfg = Debug|Any CPU
		{C8D74E39-9018-442F-86FF-19414BCDAEFD}.Debug|Any CPU.Build.0 = Debug|Any CPU
		{C8D74E39-9018-442F-86FF-19414BCDAEFD}.Release|Any CPU.ActiveCfg = Release|Any CPU
		{C8D74E39-9018-442F-86FF-19414BCDAEFD}.Release|Any CPU.Build.0 = Release|Any CPU
		{8AC44302-5CEE-49D6-931D-E11FF2DA0857}.Debug|Any CPU.ActiveCfg = Debug|Any CPU
		{8AC44302-5CEE-49D6-931D-E11FF2DA0857}.Debug|Any CPU.Build.0 = Debug|Any CPU
		{8AC44302-5CEE-49D6-931D-E11FF2DA0857}.Release|Any CPU.ActiveCfg = Release|Any CPU
		{8AC44302-5CEE-49D6-931D-E11FF2DA0857}.Release|Any CPU.Build.0 = Release|Any CPU
		{D934B6E0-9EA1-4AB5-B437-066DA9791FE7}.Debug|Any CPU.ActiveCfg = Debug|Any CPU
		{D934B6E0-9EA1-4AB5-B437-066DA9791FE7}.Debug|Any CPU.Build.0 = Debug|Any CPU
		{D934B6E0-9EA1-4AB5-B437-066DA9791FE7}.Release|Any CPU.ActiveCfg = Release|Any CPU
		{D934B6E0-9EA1-4AB5-B437-066DA9791FE7}.Release|Any CPU.Build.0 = Release|Any CPU
	EndGlobalSection
	GlobalSection(SolutionProperties) = preSolution
		HideSolutionNode = FALSE
	EndGlobalSection
	GlobalSection(ExtensibilityGlobals) = postSolution
		SolutionGuid = {FD4538D3-977E-4411-9BBF-6E11890442CC}
	EndGlobalSection
EndGlobal
